
Microsoft Visual Studio Solution File, Format Version 10.00
# Visual C++ Express 2008
Project("{8BC9CEB8-8B4A-11D0-8D11-00A0C91BC942}") = "dwsrame", "dwsrame.vcproj", "{3BF1A198-16F8-4AB7-8808-3F5C6C66EB6A}"
EndProject
Global
	GlobalSection(SolutionConfigurationPlatforms) = preSolution
		DLL Unicode Debug|Win32 = DLL Unicode Debug|Win32
		DLL Unicode Release|Win32 = DLL Unicode Release|Win32
		Unicode Debug|Win32 = Unicode Debug|Win32
		Unicode Release|Win32 = Unicode Release|Win32
	EndGlobalSection
	GlobalSection(ProjectConfigurationPlatforms) = postSolution
		{3BF1A198-16F8-4AB7-8808-3F5C6C66EB6A}.DLL Unicode Debug|Win32.ActiveCfg = DLL Unicode Debug|Win32
		{3BF1A198-16F8-4AB7-8808-3F5C6C66EB6A}.DLL Unicode Debug|Win32.Build.0 = DLL Unicode Debug|Win32
		{3BF1A198-16F8-4AB7-8808-3F5C6C66EB6A}.DLL Unicode Release|Win32.ActiveCfg = DLL Unicode Release|Win32
		{3BF1A198-16F8-4AB7-8808-3F5C6C66EB6A}.DLL Unicode Release|Win32.Build.0 = DLL Unicode Release|Win32
		{3BF1A198-16F8-4AB7-8808-3F5C6C66EB6A}.Unicode Debug|Win32.ActiveCfg = Unicode Debug|Win32
		{3BF1A198-16F8-4AB7-8808-3F5C6C66EB6A}.Unicode Debug|Win32.Build.0 = Unicode Debug|Win32
		{3BF1A198-16F8-4AB7-8808-3F5C6C66EB6A}.Unicode Release|Win32.ActiveCfg = Unicode Release|Win32
		{3BF1A198-16F8-4AB7-8808-3F5C6C66EB6A}.Unicode Release|Win32.Build.0 = Unicode Release|Win32
	EndGlobalSection
	GlobalSection(SolutionProperties) = preSolution
		HideSolutionNode = FALSE
	EndGlobalSection
EndGlobal
