
Microsoft Visual Studio Solution File, Format Version 12.00
# Visual Studio Version 16
VisualStudioVersion = 16.0.29215.179
MinimumVisualStudioVersion = 10.0.40219.1
Project("{8BC9CEB8-8B4A-11D0-8D11-00A0C91BC942}") = "dwsrame", "dwsrame.vcxproj", "{1FA048DB-A009-4036-AAF8-6C96D0E054CC}"
EndProject
Global
	GlobalSection(SolutionConfigurationPlatforms) = preSolution
		Debug DLL|x86 = Debug DLL|x86
		Debug|x86 = Debug|x86
		Release DLL|x86 = Release DLL|x86
		Release|x86 = Release|x86
	EndGlobalSection
	GlobalSection(ProjectConfigurationPlatforms) = postSolution
		{1FA048DB-A009-4036-AAF8-6C96D0E054CC}.Debug DLL|x86.ActiveCfg = Debug DLL|Win32
		{1FA048DB-A009-4036-AAF8-6C96D0E054CC}.Debug DLL|x86.Build.0 = Debug DLL|Win32
		{1FA048DB-A009-4036-AAF8-6C96D0E054CC}.Debug|x86.ActiveCfg = Debug|Win32
		{1FA048DB-A009-4036-AAF8-6C96D0E054CC}.Debug|x86.Build.0 = Debug|Win32
		{1FA048DB-A009-4036-AAF8-6C96D0E054CC}.Release DLL|x86.ActiveCfg = Release DLL|Win32
		{1FA048DB-A009-4036-AAF8-6C96D0E054CC}.Release DLL|x86.Build.0 = Release DLL|Win32
		{1FA048DB-A009-4036-AAF8-6C96D0E054CC}.Release|x86.ActiveCfg = Release|Win32
		{1FA048DB-A009-4036-AAF8-6C96D0E054CC}.Release|x86.Build.0 = Release|Win32
	EndGlobalSection
	GlobalSection(SolutionProperties) = preSolution
		HideSolutionNode = FALSE
	EndGlobalSection
	GlobalSection(ExtensibilityGlobals) = postSolution
		SolutionGuid = {334C4882-ADE0-478F-9C2E-F1916636A0FB}
	EndGlobalSection
EndGlobal
